
Microsoft Visual Studio Solution File, Format Version 12.00
# Visual Studio 15
VisualStudioVersion = 15.0.25618.0
MinimumVisualStudioVersion = 10.0.40219.1
Project("{FAE04EC0-301F-11D3-BF4B-00C04F79EFBC}") = "phirSOFT.Common", "phirSOFT.Common\phirSOFT.Common.csproj", "{7B991F9E-665F-46F8-A84F-971D603BC24E}"
EndProject
Project("{2150E333-8FDC-42A3-9474-1A3956D46DE8}") = "SharedItems", "SharedItems", "{05AD217C-13A9-490F-87BF-9AC66A161310}"
	ProjectSection(SolutionItems) = preProject
		SharedAssemblyInfo.cs = SharedAssemblyInfo.cs
	EndProjectSection
EndProject
Project("{2150E333-8FDC-42A3-9474-1A3956D46DE8}") = "Specifications", "Specifications", "{5AD3A5BD-9FB9-4072-BE31-AA267C2CB76B}"
	ProjectSection(SolutionItems) = preProject
		Flagstream.md = Flagstream.md
	EndProjectSection
EndProject
Global
	GlobalSection(SolutionConfigurationPlatforms) = preSolution
		Debug|Any CPU = Debug|Any CPU
		Release|Any CPU = Release|Any CPU
	EndGlobalSection
	GlobalSection(ProjectConfigurationPlatforms) = postSolution
		{7B991F9E-665F-46F8-A84F-971D603BC24E}.Debug|Any CPU.ActiveCfg = Debug|Any CPU
		{7B991F9E-665F-46F8-A84F-971D603BC24E}.Debug|Any CPU.Build.0 = Debug|Any CPU
		{7B991F9E-665F-46F8-A84F-971D603BC24E}.Release|Any CPU.ActiveCfg = Release|Any CPU
		{7B991F9E-665F-46F8-A84F-971D603BC24E}.Release|Any CPU.Build.0 = Release|Any CPU
	EndGlobalSection
	GlobalSection(SolutionProperties) = preSolution
		HideSolutionNode = FALSE
	EndGlobalSection
EndGlobal
